
Microsoft Visual Studio Solution File, Format Version 12.00
# Visual Studio for Mac
Project("{FAE04EC0-301F-11D3-BF4B-00C04F79EFBC}") = "procJAM2018", "Assembly-CSharp.csproj", "{55D2ED1F-94B1-3BB3-A157-55F09AF98957}"
EndProject
Project("{FAE04EC0-301F-11D3-BF4B-00C04F79EFBC}") = "procJAM2018", "Assembly-CSharp-Editor.csproj", "{A20694EC-09B4-18D4-2EAA-80482401F57E}"
EndProject
Global
	GlobalSection(SolutionConfigurationPlatforms) = preSolution
		Debug|Any CPU = Debug|Any CPU
		Release|Any CPU = Release|Any CPU
	EndGlobalSection
	GlobalSection(ProjectConfigurationPlatforms) = postSolution
		{55D2ED1F-94B1-3BB3-A157-55F09AF98957}.Debug|Any CPU.ActiveCfg = Debug|Any CPU
		{55D2ED1F-94B1-3BB3-A157-55F09AF98957}.Debug|Any CPU.Build.0 = Debug|Any CPU
		{55D2ED1F-94B1-3BB3-A157-55F09AF98957}.Release|Any CPU.ActiveCfg = Release|Any CPU
		{55D2ED1F-94B1-3BB3-A157-55F09AF98957}.Release|Any CPU.Build.0 = Release|Any CPU
		{A20694EC-09B4-18D4-2EAA-80482401F57E}.Debug|Any CPU.ActiveCfg = Debug|Any CPU
		{A20694EC-09B4-18D4-2EAA-80482401F57E}.Debug|Any CPU.Build.0 = Debug|Any CPU
		{A20694EC-09B4-18D4-2EAA-80482401F57E}.Release|Any CPU.ActiveCfg = Release|Any CPU
		{A20694EC-09B4-18D4-2EAA-80482401F57E}.Release|Any CPU.Build.0 = Release|Any CPU
	EndGlobalSection
	GlobalSection(SolutionProperties) = preSolution
		HideSolutionNode = FALSE
	EndGlobalSection
EndGlobal
